
Microsoft Visual Studio Solution File, Format Version 12.00
# Visual Studio Version 17
VisualStudioVersion = 17.8.34511.84
MinimumVisualStudioVersion = 10.0.40219.1
Project("{8BC9CEB8-8B4A-11D0-8D11-00A0C91BC942}") = "2.2Euclidean algorithm", "2.2Euclidean algorithm.vcxproj", "{36A8FD10-3853-42CB-9FC6-0F295D33E050}"
EndProject
Global
	GlobalSection(SolutionConfigurationPlatforms) = preSolution
		Debug|x64 = Debug|x64
		Debug|x86 = Debug|x86
		Release|x64 = Release|x64
		Release|x86 = Release|x86
	EndGlobalSection
	GlobalSection(ProjectConfigurationPlatforms) = postSolution
		{36A8FD10-3853-42CB-9FC6-0F295D33E050}.Debug|x64.ActiveCfg = Debug|x64
		{36A8FD10-3853-42CB-9FC6-0F295D33E050}.Debug|x64.Build.0 = Debug|x64
		{36A8FD10-3853-42CB-9FC6-0F295D33E050}.Debug|x86.ActiveCfg = Debug|Win32
		{36A8FD10-3853-42CB-9FC6-0F295D33E050}.Debug|x86.Build.0 = Debug|Win32
		{36A8FD10-3853-42CB-9FC6-0F295D33E050}.Release|x64.ActiveCfg = Release|x64
		{36A8FD10-3853-42CB-9FC6-0F295D33E050}.Release|x64.Build.0 = Release|x64
		{36A8FD10-3853-42CB-9FC6-0F295D33E050}.Release|x86.ActiveCfg = Release|Win32
		{36A8FD10-3853-42CB-9FC6-0F295D33E050}.Release|x86.Build.0 = Release|Win32
	EndGlobalSection
	GlobalSection(SolutionProperties) = preSolution
		HideSolutionNode = FALSE
	EndGlobalSection
	GlobalSection(ExtensibilityGlobals) = postSolution
		SolutionGuid = {D3937998-52CD-41C0-A1B8-2AD1C3C666C9}
	EndGlobalSection
EndGlobal
